github.com/google/go-cmp v0.7.0 h1:wk8382ETsv4JYUZwIsn6YpYiWiBsYLSJiTsyBybVuN8=
github.com/google/go-cmp v0.7.0/go.mod h1:pXiqmnSA92OHEEa9HXL2W4E7lf9JzCmGVUdgjX3N/iU=
github.com/graniticio/inifile v0.0.0-20210325083046-86e94fdc8f99 h1:lCT1D689+U1h4PPzJgxTMSPhvM7vU4TeLESRvrWJQ8E=
github.com/graniticio/inifile v0.0.0-20210325083046-86e94fdc8f99/go.mod h1:N64Ci9n9bjq7I8hT7kVicOOXsG+T9ytkkMN3zEXTel4=
github.com/jbunds/progress v1.0.0 h1:g+u1/3C1bREfHO/tAXTHdvifeWieyPejzfeEbZEv2ng=
github.com/jbunds/progress v1.0.0/go.mod h1:Qx1Xgng7lhEe3rYiQ05FEpMwjDAquiDTKZNAdv/uEWA=
github.com/jbunds/progress v1.0.1 h1:ju8tisbg9jCDjqBvF7QvKsFSlgeN5hb5eTsZ0Jk7MUg=
github.com/jbunds/progress v1.0.1/go.mod h1:Qx1Xgng7lhEe3rYiQ05FEpMwjDAquiDTKZNAdv/uEWA=
github.com/jbunds/progress v1.0.5 h1:xQxWGK2VrcBrksg7U1ca+6WPp+1DfbQxSkp7LcIK3SE=
github.com/jbunds/progress v1.0.5/go.mod h1:Qx1Xgng7lhEe3rYiQ05FEpMwjDAquiDTKZNAdv/uEWA=
github.com/jbunds/progress v1.0.6 h1:Fz1QtSxlqhMXrNKfyNqKkpsHW2HS0r/jwo5JO66s86E=
github.com/jbunds/progress v1.0.6/go.mod h1:Qx1Xgng7lhEe3rYiQ05FEpMwjDAquiDTKZNAdv/uEWA=
golang.org/x/mod v0.35.0 h1:Ww1D637e6Pg+Zb2KrWfHQUnH2dQRLBQyAtpr/haaJeM=
golang.org/x/mod v0.35.0/go.mod h1:+GwiRhIInF8wPm+4AoT6L0FA1QWAad3OMdTRx4tFYlU=
golang.org/x/sync v0.20.0 h1:e0PTpb7pjO8GAtTs2dQ6jYa5BWYlMuX047Dco/pItO4=
golang.org/x/sync v0.20.0/go.mod h1:9xrNwdLfx4jkKbNva9FpL6vEN7evnE43NNNJQ2LF3+0=
golang.org/x/sys v0.43.0 h1:Rlag2XtaFTxp19wS8MXlJwTvoh8ArU6ezoyFsMyCTNI=
golang.org/x/sys v0.43.0/go.mod h1:4GL1E5IUh+htKOUEOaiffhrAeqysfVGipDYzABqnCmw=
golang.org/x/term v0.42.0 h1:UiKe+zDFmJobeJ5ggPwOshJIVt6/Ft0rcfrXZDLWAWY=
golang.org/x/term v0.42.0/go.mod h1:Dq/D+snpsbazcBG5+F9Q1n2rXV8Ma+71xEjTRufARgY=
golang.org/x/tools v0.44.0 h1:UP4ajHPIcuMjT1GqzDWRlalUEoY+uzoZKnhOjbIPD2c=
golang.org/x/tools v0.44.0/go.mod h1:KA0AfVErSdxRZIsOVipbv3rQhVXTnlU6UhKxHd1seDI=
